dependencies:
- name: airbyte-bootloader
  repository: https://airbytehq.github.io/helm-charts/
  version: 1.9.2
- name: temporal
  repository: https://airbytehq.github.io/helm-charts/
  version: 1.9.2
- name: temporal-ui
  repository: https://airbytehq.github.io/helm-charts/
  version: 1.9.2
- name: webapp
  repository: https://airbytehq.github.io/helm-charts/
  version: 1.9.2
- name: server
  repository: https://airbytehq.github.io/helm-charts/
  version: 1.9.2
- name: worker
  repository: https://airbytehq.github.io/helm-charts/
  version: 1.9.2
- name: workload-api-server
  repository: https://airbytehq.github.io/helm-charts/
  version: 1.9.2
- name: workload-launcher
  repository: https://airbytehq.github.io/helm-charts/
  version: 1.9.2
- name: metrics
  repository: https://airbytehq.github.io/helm-charts/
  version: 1.9.2
- name: cron
  repository: https://airbytehq.github.io/helm-charts/
  version: 1.9.2
- name: connector-builder-server
  repository: https://airbytehq.github.io/helm-charts/
  version: 1.9.2
- name: connector-rollout-worker
  repository: https://airbytehq.github.io/helm-charts/
  version: 1.9.2
- name: keycloak
  repository: https://airbytehq.github.io/helm-charts/
  version: 1.9.2
- name: keycloak-setup
  repository: https://airbytehq.github.io/helm-charts/
  version: 1.9.2
digest: sha256:285ff24b7383f3e52a7b25b7272a77707a4c29ce73965e1d971d9502e20227a4
generated: "2025-12-02T20:19:51.859050843Z"
